dependencies:
- name: argo-cd
  repository: https://argoproj.github.io/argo-helm
  version: 5.19.12
- name: reflector
  repository: https://emberstack.github.io/helm-charts
  version: 6.1.47
digest: sha256:42f77ff7a1af9d3e0dd61a4bfb47e242a44fa8f5d4dfca31635925cf426c478b
generated: "2023-02-01T23:17:43.873969+05:30"
