dependencies:
- name: argo-cd
  repository: https://argoproj.github.io/argo-helm
  version: 5.19.12
- name: sops-secrets-operator
  repository: https://isindir.github.io/sops-secrets-operator
  version: 0.14.0
digest: sha256:9121f93f40956aa44b07f97e0362dba8d084a5f5a047d10767316152172fca26
generated: "2023-02-16T22:41:31.005374+05:30"
