dependencies:
- name: argo-cd
  repository: https://argoproj.github.io/argo-helm
  version: 5.19.12
- name: sops-secrets-operator
  repository: https://isindir.github.io/sops-secrets-operator
  version: 0.14.0
- name: external-dns
  repository: https://charts.bitnami.com/bitnami
  version: 6.13.2
digest: sha256:b8c631b18beb74e81125bf3df200f8d6852a6340af963f48f96d5b847890eb5a
generated: "2023-02-18T13:20:36.331847+05:30"
